
Microsoft Visual Studio Solution File, Format Version 12.00
# Visual Studio Version 17
VisualStudioVersion = 17.13.35806.99 d17.13
MinimumVisualStudioVersion = 10.0.40219.1
Project("{FAE04EC0-301F-11D3-BF4B-00C04F79EFBC}") = "WindowsFormsApp3", "WindowsFormsApp3.csproj", "{79857BDF-7596-4294-A6C8-A98DFF2D9107}"
EndProject
Global
	GlobalSection(SolutionConfigurationPlatforms) = preSolution
		Debug|Any CPU = Debug|Any CPU
		Release|Any CPU = Release|Any CPU
	EndGlobalSection
	GlobalSection(ProjectConfigurationPlatforms) = postSolution
		{79857BDF-7596-4294-A6C8-A98DFF2D9107}.Debug|Any CPU.ActiveCfg = Debug|Any CPU
		{79857BDF-7596-4294-A6C8-A98DFF2D9107}.Debug|Any CPU.Build.0 = Debug|Any CPU
		{79857BDF-7596-4294-A6C8-A98DFF2D9107}.Release|Any CPU.ActiveCfg = Release|Any CPU
		{79857BDF-7596-4294-A6C8-A98DFF2D9107}.Release|Any CPU.Build.0 = Release|Any CPU
	EndGlobalSection
	GlobalSection(SolutionProperties) = preSolution
		HideSolutionNode = FALSE
	EndGlobalSection
	GlobalSection(ExtensibilityGlobals) = postSolution
		SolutionGuid = {7F379D2D-B787-44A2-92CC-873DE5A1287C}
	EndGlobalSection
EndGlobal
